
Microsoft Visual Studio Solution File, Format Version 12.00
# Visual Studio 15
Project("{FAE04EC0-301F-11D3-BF4B-00C04F79EFBC}") = "Assembly-CSharp", "Assembly-CSharp.csproj", "{E3A5E8B6-5A23-A012-A304-DD155042BAD3}"
EndProject
Project("{FAE04EC0-301F-11D3-BF4B-00C04F79EFBC}") = "Assembly-CSharp-Editor", "Assembly-CSharp-Editor.csproj", "{3ECCD266-A899-5238-84A2-699329C1C062}"
EndProject
Global
	GlobalSection(SolutionConfigurationPlatforms) = preSolution
		Debug|Any CPU = Debug|Any CPU
		Release|Any CPU = Release|Any CPU
	EndGlobalSection
	GlobalSection(ProjectConfigurationPlatforms) = postSolution
		{E3A5E8B6-5A23-A012-A304-DD155042BAD3}.Debug|Any CPU.ActiveCfg = Debug|Any CPU
		{E3A5E8B6-5A23-A012-A304-DD155042BAD3}.Debug|Any CPU.Build.0 = Debug|Any CPU
		{E3A5E8B6-5A23-A012-A304-DD155042BAD3}.Release|Any CPU.ActiveCfg = Release|Any CPU
		{E3A5E8B6-5A23-A012-A304-DD155042BAD3}.Release|Any CPU.Build.0 = Release|Any CPU
		{3ECCD266-A899-5238-84A2-699329C1C062}.Debug|Any CPU.ActiveCfg = Debug|Any CPU
		{3ECCD266-A899-5238-84A2-699329C1C062}.Debug|Any CPU.Build.0 = Debug|Any CPU
		{3ECCD266-A899-5238-84A2-699329C1C062}.Release|Any CPU.ActiveCfg = Release|Any CPU
		{3ECCD266-A899-5238-84A2-699329C1C062}.Release|Any CPU.Build.0 = Release|Any CPU
	EndGlobalSection
	GlobalSection(SolutionProperties) = preSolution
		HideSolutionNode = FALSE
	EndGlobalSection
EndGlobal
